
Microsoft Visual Studio Solution File, Format Version 12.00
# Visual Studio Version 16
VisualStudioVersion = 16.0.33529.622
MinimumVisualStudioVersion = 10.0.40219.1
Project("{FAE04EC0-301F-11D3-BF4B-00C04F79EFBC}") = "JogoDados", "JogoDados\JogoDados.csproj", "{EDEBD635-823B-4DA4-866A-E3E0C1F4C79A}"
EndProject
Global
	GlobalSection(SolutionConfigurationPlatforms) = preSolution
		Debug|Any CPU = Debug|Any CPU
		Release|Any CPU = Release|Any CPU
	EndGlobalSection
	GlobalSection(ProjectConfigurationPlatforms) = postSolution
		{EDEBD635-823B-4DA4-866A-E3E0C1F4C79A}.Debug|Any CPU.ActiveCfg = Debug|Any CPU
		{EDEBD635-823B-4DA4-866A-E3E0C1F4C79A}.Debug|Any CPU.Build.0 = Debug|Any CPU
		{EDEBD635-823B-4DA4-866A-E3E0C1F4C79A}.Release|Any CPU.ActiveCfg = Release|Any CPU
		{EDEBD635-823B-4DA4-866A-E3E0C1F4C79A}.Release|Any CPU.Build.0 = Release|Any CPU
	EndGlobalSection
	GlobalSection(SolutionProperties) = preSolution
		HideSolutionNode = FALSE
	EndGlobalSection
	GlobalSection(ExtensibilityGlobals) = postSolution
		SolutionGuid = {5D931CEB-5999-41E3-B615-191FD342BE6C}
	EndGlobalSection
EndGlobal
